
Microsoft Visual Studio Solution File, Format Version 12.00
# Visual Studio 2013
VisualStudioVersion = 12.0.30501.0
MinimumVisualStudioVersion = 10.0.40219.1
Project("{FAE04EC0-301F-11D3-BF4B-00C04F79EFBC}") = "HW_LOGOS_ENCAPSULATION_STUDENT", "HW_LOGOS_ENCAPSULATION_STUDENT\HW_LOGOS_ENCAPSULATION_STUDENT.csproj", "{FB8237AF-7247-4A26-B36D-96A8457C4722}"
EndProject
Global
	GlobalSection(SolutionConfigurationPlatforms) = preSolution
		Debug|Any CPU = Debug|Any CPU
		Release|Any CPU = Release|Any CPU
	EndGlobalSection
	GlobalSection(ProjectConfigurationPlatforms) = postSolution
		{FB8237AF-7247-4A26-B36D-96A8457C4722}.Debug|Any CPU.ActiveCfg = Debug|Any CPU
		{FB8237AF-7247-4A26-B36D-96A8457C4722}.Debug|Any CPU.Build.0 = Debug|Any CPU
		{FB8237AF-7247-4A26-B36D-96A8457C4722}.Release|Any CPU.ActiveCfg = Release|Any CPU
		{FB8237AF-7247-4A26-B36D-96A8457C4722}.Release|Any CPU.Build.0 = Release|Any CPU
	EndGlobalSection
	GlobalSection(SolutionProperties) = preSolution
		HideSolutionNode = FALSE
	EndGlobalSection
EndGlobal
